
Microsoft Visual Studio Solution File, Format Version 12.00
# Visual Studio Version 17
VisualStudioVersion = 17.4.33213.308
MinimumVisualStudioVersion = 10.0.40219.1
Project("{FAE04EC0-301F-11D3-BF4B-00C04F79EFBC}") = "project_Poo", "project_Poo\project_Poo.csproj", "{AF3AED8D-A0AA-40F8-992D-A25042FFF746}"
EndProject
Global
	GlobalSection(SolutionConfigurationPlatforms) = preSolution
		Debug|Any CPU = Debug|Any CPU
		Release|Any CPU = Release|Any CPU
	EndGlobalSection
	GlobalSection(ProjectConfigurationPlatforms) = postSolution
		{AF3AED8D-A0AA-40F8-992D-A25042FFF746}.Debug|Any CPU.ActiveCfg = Debug|Any CPU
		{AF3AED8D-A0AA-40F8-992D-A25042FFF746}.Debug|Any CPU.Build.0 = Debug|Any CPU
		{AF3AED8D-A0AA-40F8-992D-A25042FFF746}.Release|Any CPU.ActiveCfg = Release|Any CPU
		{AF3AED8D-A0AA-40F8-992D-A25042FFF746}.Release|Any CPU.Build.0 = Release|Any CPU
	EndGlobalSection
	GlobalSection(SolutionProperties) = preSolution
		HideSolutionNode = FALSE
	EndGlobalSection
	GlobalSection(ExtensibilityGlobals) = postSolution
		SolutionGuid = {A0C96552-7E5C-431B-A8DA-EE0FD6985050}
	EndGlobalSection
EndGlobal
