
Microsoft Visual Studio Solution File, Format Version 12.00
# Visual Studio Version 17
VisualStudioVersion = 17.4.33213.308
MinimumVisualStudioVersion = 10.0.40219.1
Project("{FAE04EC0-301F-11D3-BF4B-00C04F79EFBC}") = "SumaDeNumerosNaturales", "SumaDeNumerosNaturales\SumaDeNumerosNaturales.csproj", "{465C2ED5-3A92-41D3-9191-00F32BC49DAB}"
EndProject
Global
	GlobalSection(SolutionConfigurationPlatforms) = preSolution
		Debug|Any CPU = Debug|Any CPU
		Release|Any CPU = Release|Any CPU
	EndGlobalSection
	GlobalSection(ProjectConfigurationPlatforms) = postSolution
		{465C2ED5-3A92-41D3-9191-00F32BC49DAB}.Debug|Any CPU.ActiveCfg = Debug|Any CPU
		{465C2ED5-3A92-41D3-9191-00F32BC49DAB}.Debug|Any CPU.Build.0 = Debug|Any CPU
		{465C2ED5-3A92-41D3-9191-00F32BC49DAB}.Release|Any CPU.ActiveCfg = Release|Any CPU
		{465C2ED5-3A92-41D3-9191-00F32BC49DAB}.Release|Any CPU.Build.0 = Release|Any CPU
	EndGlobalSection
	GlobalSection(SolutionProperties) = preSolution
		HideSolutionNode = FALSE
	EndGlobalSection
	GlobalSection(ExtensibilityGlobals) = postSolution
		SolutionGuid = {8382A085-3B7D-48B7-80DC-5228832E0BC9}
	EndGlobalSection
EndGlobal
