
Microsoft Visual Studio Solution File, Format Version 12.00
# Visual Studio Version 17
VisualStudioVersion = 17.4.33213.308
MinimumVisualStudioVersion = 10.0.40219.1
Project("{FAE04EC0-301F-11D3-BF4B-00C04F79EFBC}") = "SumOfNaturalNumbers", "SumOfNaturalNumbers\SumOfNaturalNumbers.csproj", "{DC4081ED-2DF4-4158-94B9-8CC312E62306}"
EndProject
Global
	GlobalSection(SolutionConfigurationPlatforms) = preSolution
		Debug|Any CPU = Debug|Any CPU
		Release|Any CPU = Release|Any CPU
	EndGlobalSection
	GlobalSection(ProjectConfigurationPlatforms) = postSolution
		{DC4081ED-2DF4-4158-94B9-8CC312E62306}.Debug|Any CPU.ActiveCfg = Debug|Any CPU
		{DC4081ED-2DF4-4158-94B9-8CC312E62306}.Debug|Any CPU.Build.0 = Debug|Any CPU
		{DC4081ED-2DF4-4158-94B9-8CC312E62306}.Release|Any CPU.ActiveCfg = Release|Any CPU
		{DC4081ED-2DF4-4158-94B9-8CC312E62306}.Release|Any CPU.Build.0 = Release|Any CPU
	EndGlobalSection
	GlobalSection(SolutionProperties) = preSolution
		HideSolutionNode = FALSE
	EndGlobalSection
	GlobalSection(ExtensibilityGlobals) = postSolution
		SolutionGuid = {BD73C783-15AC-4170-A3F3-01610B194CF6}
	EndGlobalSection
EndGlobal
