
Microsoft Visual Studio Solution File, Format Version 12.00
# Visual Studio Version 17
VisualStudioVersion = 17.4.33213.308
MinimumVisualStudioVersion = 10.0.40219.1
Project("{FAE04EC0-301F-11D3-BF4B-00C04F79EFBC}") = "Factorial", "Factorial\Factorial.csproj", "{792C0D9C-FDDE-433C-95C2-8B7CECDFED6E}"
EndProject
Global
	GlobalSection(SolutionConfigurationPlatforms) = preSolution
		Debug|Any CPU = Debug|Any CPU
		Release|Any CPU = Release|Any CPU
	EndGlobalSection
	GlobalSection(ProjectConfigurationPlatforms) = postSolution
		{792C0D9C-FDDE-433C-95C2-8B7CECDFED6E}.Debug|Any CPU.ActiveCfg = Debug|Any CPU
		{792C0D9C-FDDE-433C-95C2-8B7CECDFED6E}.Debug|Any CPU.Build.0 = Debug|Any CPU
		{792C0D9C-FDDE-433C-95C2-8B7CECDFED6E}.Release|Any CPU.ActiveCfg = Release|Any CPU
		{792C0D9C-FDDE-433C-95C2-8B7CECDFED6E}.Release|Any CPU.Build.0 = Release|Any CPU
	EndGlobalSection
	GlobalSection(SolutionProperties) = preSolution
		HideSolutionNode = FALSE
	EndGlobalSection
	GlobalSection(ExtensibilityGlobals) = postSolution
		SolutionGuid = {C9F8E8A3-14EE-4ED9-B25C-29516B3D1C02}
	EndGlobalSection
EndGlobal
