
Microsoft Visual Studio Solution File, Format Version 12.00
# Visual Studio Version 17
VisualStudioVersion = 17.4.33213.308
MinimumVisualStudioVersion = 10.0.40219.1
Project("{FAE04EC0-301F-11D3-BF4B-00C04F79EFBC}") = "DivMayorEntreMenor", "DivMayorEntreMenor\DivMayorEntreMenor.csproj", "{5D6F5E68-F959-4BBD-8615-F341B0B5D805}"
EndProject
Global
	GlobalSection(SolutionConfigurationPlatforms) = preSolution
		Debug|Any CPU = Debug|Any CPU
		Release|Any CPU = Release|Any CPU
	EndGlobalSection
	GlobalSection(ProjectConfigurationPlatforms) = postSolution
		{5D6F5E68-F959-4BBD-8615-F341B0B5D805}.Debug|Any CPU.ActiveCfg = Debug|Any CPU
		{5D6F5E68-F959-4BBD-8615-F341B0B5D805}.Debug|Any CPU.Build.0 = Debug|Any CPU
		{5D6F5E68-F959-4BBD-8615-F341B0B5D805}.Release|Any CPU.ActiveCfg = Release|Any CPU
		{5D6F5E68-F959-4BBD-8615-F341B0B5D805}.Release|Any CPU.Build.0 = Release|Any CPU
	EndGlobalSection
	GlobalSection(SolutionProperties) = preSolution
		HideSolutionNode = FALSE
	EndGlobalSection
	GlobalSection(ExtensibilityGlobals) = postSolution
		SolutionGuid = {5616ABB3-396F-471C-B3AC-2F22D3994E8A}
	EndGlobalSection
EndGlobal
