
Microsoft Visual Studio Solution File, Format Version 12.00
# Visual Studio Version 17
VisualStudioVersion = 17.4.33213.308
MinimumVisualStudioVersion = 10.0.40219.1
Project("{FAE04EC0-301F-11D3-BF4B-00C04F79EFBC}") = "Point_15", "Point_15\Point_15.csproj", "{FEE90706-EE16-44A6-998D-88BF5822DFFA}"
EndProject
Global
	GlobalSection(SolutionConfigurationPlatforms) = preSolution
		Debug|Any CPU = Debug|Any CPU
		Release|Any CPU = Release|Any CPU
	EndGlobalSection
	GlobalSection(ProjectConfigurationPlatforms) = postSolution
		{FEE90706-EE16-44A6-998D-88BF5822DFFA}.Debug|Any CPU.ActiveCfg = Debug|Any CPU
		{FEE90706-EE16-44A6-998D-88BF5822DFFA}.Debug|Any CPU.Build.0 = Debug|Any CPU
		{FEE90706-EE16-44A6-998D-88BF5822DFFA}.Release|Any CPU.ActiveCfg = Release|Any CPU
		{FEE90706-EE16-44A6-998D-88BF5822DFFA}.Release|Any CPU.Build.0 = Release|Any CPU
	EndGlobalSection
	GlobalSection(SolutionProperties) = preSolution
		HideSolutionNode = FALSE
	EndGlobalSection
	GlobalSection(ExtensibilityGlobals) = postSolution
		SolutionGuid = {FFFAC018-162B-4EEE-A1FD-2DDE7503AA2D}
	EndGlobalSection
EndGlobal
