
Microsoft Visual Studio Solution File, Format Version 12.00
# Visual Studio Version 17
VisualStudioVersion = 17.4.33213.308
MinimumVisualStudioVersion = 10.0.40219.1
Project("{FAE04EC0-301F-11D3-BF4B-00C04F79EFBC}") = "EcuacionDelEstudiante", "EcuacionDelEstudiante\EcuacionDelEstudiante.csproj", "{C73AB2B7-09E6-4366-8A5B-935C9582196E}"
EndProject
Global
	GlobalSection(SolutionConfigurationPlatforms) = preSolution
		Debug|Any CPU = Debug|Any CPU
		Release|Any CPU = Release|Any CPU
	EndGlobalSection
	GlobalSection(ProjectConfigurationPlatforms) = postSolution
		{C73AB2B7-09E6-4366-8A5B-935C9582196E}.Debug|Any CPU.ActiveCfg = Debug|Any CPU
		{C73AB2B7-09E6-4366-8A5B-935C9582196E}.Debug|Any CPU.Build.0 = Debug|Any CPU
		{C73AB2B7-09E6-4366-8A5B-935C9582196E}.Release|Any CPU.ActiveCfg = Release|Any CPU
		{C73AB2B7-09E6-4366-8A5B-935C9582196E}.Release|Any CPU.Build.0 = Release|Any CPU
	EndGlobalSection
	GlobalSection(SolutionProperties) = preSolution
		HideSolutionNode = FALSE
	EndGlobalSection
	GlobalSection(ExtensibilityGlobals) = postSolution
		SolutionGuid = {09C918FD-354E-4926-A2EB-5CDE92CABF51}
	EndGlobalSection
EndGlobal
