
Microsoft Visual Studio Solution File, Format Version 12.00
# Visual Studio Version 17
VisualStudioVersion = 17.4.33213.308
MinimumVisualStudioVersion = 10.0.40219.1
Project("{FAE04EC0-301F-11D3-BF4B-00C04F79EFBC}") = "LosPrimos", "LosPrimos\LosPrimos.csproj", "{71D66815-E195-4F95-9EF3-5E3CC0EAE9BA}"
EndProject
Global
	GlobalSection(SolutionConfigurationPlatforms) = preSolution
		Debug|Any CPU = Debug|Any CPU
		Release|Any CPU = Release|Any CPU
	EndGlobalSection
	GlobalSection(ProjectConfigurationPlatforms) = postSolution
		{71D66815-E195-4F95-9EF3-5E3CC0EAE9BA}.Debug|Any CPU.ActiveCfg = Debug|Any CPU
		{71D66815-E195-4F95-9EF3-5E3CC0EAE9BA}.Debug|Any CPU.Build.0 = Debug|Any CPU
		{71D66815-E195-4F95-9EF3-5E3CC0EAE9BA}.Release|Any CPU.ActiveCfg = Release|Any CPU
		{71D66815-E195-4F95-9EF3-5E3CC0EAE9BA}.Release|Any CPU.Build.0 = Release|Any CPU
	EndGlobalSection
	GlobalSection(SolutionProperties) = preSolution
		HideSolutionNode = FALSE
	EndGlobalSection
	GlobalSection(ExtensibilityGlobals) = postSolution
		SolutionGuid = {5ABF0D5C-DAA2-49EB-B034-57308D079B6F}
	EndGlobalSection
EndGlobal
