
Microsoft Visual Studio Solution File, Format Version 12.00
# Visual Studio Version 17
VisualStudioVersion = 17.4.33213.308
MinimumVisualStudioVersion = 10.0.40219.1
Project("{FAE04EC0-301F-11D3-BF4B-00C04F79EFBC}") = "ElMayorDeLosNumeros", "ElMayorDeLosNumeros\ElMayorDeLosNumeros.csproj", "{1C523605-E98E-44D5-837B-0D82CAE9853B}"
EndProject
Global
	GlobalSection(SolutionConfigurationPlatforms) = preSolution
		Debug|Any CPU = Debug|Any CPU
		Release|Any CPU = Release|Any CPU
	EndGlobalSection
	GlobalSection(ProjectConfigurationPlatforms) = postSolution
		{1C523605-E98E-44D5-837B-0D82CAE9853B}.Debug|Any CPU.ActiveCfg = Debug|Any CPU
		{1C523605-E98E-44D5-837B-0D82CAE9853B}.Debug|Any CPU.Build.0 = Debug|Any CPU
		{1C523605-E98E-44D5-837B-0D82CAE9853B}.Release|Any CPU.ActiveCfg = Release|Any CPU
		{1C523605-E98E-44D5-837B-0D82CAE9853B}.Release|Any CPU.Build.0 = Release|Any CPU
	EndGlobalSection
	GlobalSection(SolutionProperties) = preSolution
		HideSolutionNode = FALSE
	EndGlobalSection
	GlobalSection(ExtensibilityGlobals) = postSolution
		SolutionGuid = {C6909524-9B70-4FB5-BAE9-3E3E778F45A0}
	EndGlobalSection
EndGlobal
